{
  "version": 4,
  "terraform_version": "1.3.6",
  "serial": 30,
  "lineage": "391594ea-e867-3864-dc1a-7b10894c3285",
  "outputs": {
    "count_user_arns": {
      "value": "aws_iam_user.count.*.arn",
      "type": "string"
    },
    "for_each_map_user_arns": {
      "value": [
        "arn:aws:iam::326991552997:user/alice",
        "arn:aws:iam::326991552997:user/bob",
        "arn:aws:iam::326991552997:user/john"
      ],
      "type": [
        "tuple",
        [
          "string",
          "string",
          "string"
        ]
      ]
    },
    "for_each_set_user_arns": {
      "value": [
        "arn:aws:iam::326991552997:user/for-each-set-user-1",
        "arn:aws:iam::326991552997:user/for-each-set-user-2",
        "arn:aws:iam::326991552997:user/for-each-set-user-3"
      ],
      "type": [
        "tuple",
        [
          "string",
          "string",
          "string"
        ]
      ]
    },
    "user_arns": {
      "value": [
        "arn:aws:iam::326991552997:user/user-1",
        "arn:aws:iam::326991552997:user/user-2",
        "arn:aws:iam::326991552997:user/user-3"
      ],
      "type": [
        "tuple",
        [
          "string",
          "string",
          "string"
        ]
      ]
    }
  },
  "resources": [
    {
      "mode": "managed",
      "type": "aws_iam_user",
      "name": "count",
      "provider": "provider[\"registry.terraform.io/hashicorp/aws\"]",
      "instances": [
        {
          "index_key": 0,
          "schema_version": 0,
          "attributes": {
            "arn": "arn:aws:iam::326991552997:user/count-user-0",
            "force_destroy": false,
            "id": "count-user-0",
            "name": "count-user-0",
            "path": "/",
            "permissions_boundary": null,
            "tags": {},
            "tags_all": {},
            "unique_id": "AIDAUYIRXEHS5PUXWD7FO"
          },
          "sensitive_attributes": [],
          "private": "bnVsbA=="
        },
        {
          "index_key": 1,
          "schema_version": 0,
          "attributes": {
            "arn": "arn:aws:iam::326991552997:user/count-user-1",
            "force_destroy": false,
            "id": "count-user-1",
            "name": "count-user-1",
            "path": "/",
            "permissions_boundary": null,
            "tags": {},
            "tags_all": {},
            "unique_id": "AIDAUYIRXEHS2HOE5ZRPV"
          },
          "sensitive_attributes": [],
          "private": "bnVsbA=="
        },
        {
          "index_key": 2,
          "schema_version": 0,
          "attributes": {
            "arn": "arn:aws:iam::326991552997:user/count-user-2",
            "force_destroy": false,
            "id": "count-user-2",
            "name": "count-user-2",
            "path": "/",
            "permissions_boundary": null,
            "tags": {},
            "tags_all": {},
            "unique_id": "AIDAUYIRXEHSVSDJ77YZ2"
          },
          "sensitive_attributes": [],
          "private": "bnVsbA=="
        },
        {
          "index_key": 3,
          "schema_version": 0,
          "attributes": {
            "arn": "arn:aws:iam::326991552997:user/count-user-3",
            "force_destroy": false,
            "id": "count-user-3",
            "name": "count-user-3",
            "path": "/",
            "permissions_boundary": null,
            "tags": {},
            "tags_all": {},
            "unique_id": "AIDAUYIRXEHS3MNI5HY55"
          },
          "sensitive_attributes": [],
          "private": "bnVsbA=="
        },
        {
          "index_key": 4,
          "schema_version": 0,
          "attributes": {
            "arn": "arn:aws:iam::326991552997:user/count-user-4",
            "force_destroy": false,
            "id": "count-user-4",
            "name": "count-user-4",
            "path": "/",
            "permissions_boundary": null,
            "tags": {},
            "tags_all": {},
            "unique_id": "AIDAUYIRXEHSVYOIPEHYF"
          },
          "sensitive_attributes": [],
          "private": "bnVsbA=="
        }
      ]
    },
    {
      "mode": "managed",
      "type": "aws_iam_user",
      "name": "for_each_map",
      "provider": "provider[\"registry.terraform.io/hashicorp/aws\"]",
      "instances": [
        {
          "index_key": "alice",
          "schema_version": 0,
          "attributes": {
            "arn": "arn:aws:iam::326991552997:user/alice",
            "force_destroy": false,
            "id": "alice",
            "name": "alice",
            "path": "/",
            "permissions_boundary": null,
            "tags": {
              "level": "low",
              "manager": "brian"
            },
            "tags_all": {
              "level": "low",
              "manager": "brian"
            },
            "unique_id": "AIDAUYIRXEHS4CTFGKEBR"
          },
          "sensitive_attributes": [],
          "private": "bnVsbA=="
        },
        {
          "index_key": "bob",
          "schema_version": 0,
          "attributes": {
            "arn": "arn:aws:iam::326991552997:user/bob",
            "force_destroy": false,
            "id": "bob",
            "name": "bob",
            "path": "/",
            "permissions_boundary": null,
            "tags": {
              "level": "mid",
              "manager": "brian"
            },
            "tags_all": {
              "level": "mid",
              "manager": "brian"
            },
            "unique_id": "AIDAUYIRXEHS5BKCU4H42"
          },
          "sensitive_attributes": [],
          "private": "bnVsbA=="
        },
        {
          "index_key": "john",
          "schema_version": 0,
          "attributes": {
            "arn": "arn:aws:iam::326991552997:user/john",
            "force_destroy": false,
            "id": "john",
            "name": "john",
            "path": "/",
            "permissions_boundary": null,
            "tags": {
              "level": "high",
              "manager": "steve"
            },
            "tags_all": {
              "level": "high",
              "manager": "steve"
            },
            "unique_id": "AIDAUYIRXEHS7HJP7QKTC"
          },
          "sensitive_attributes": [],
          "private": "bnVsbA=="
        }
      ]
    },
    {
      "mode": "managed",
      "type": "aws_iam_user",
      "name": "for_each_set",
      "provider": "provider[\"registry.terraform.io/hashicorp/aws\"]",
      "instances": [
        {
          "index_key": "for-each-set-user-1",
          "schema_version": 0,
          "attributes": {
            "arn": "arn:aws:iam::326991552997:user/for-each-set-user-1",
            "force_destroy": false,
            "id": "for-each-set-user-1",
            "name": "for-each-set-user-1",
            "path": "/",
            "permissions_boundary": null,
            "tags": {},
            "tags_all": {},
            "unique_id": "AIDAUYIRXEHSUFHLL4MY5"
          },
          "sensitive_attributes": [],
          "private": "bnVsbA=="
        },
        {
          "index_key": "for-each-set-user-2",
          "schema_version": 0,
          "attributes": {
            "arn": "arn:aws:iam::326991552997:user/for-each-set-user-2",
            "force_destroy": false,
            "id": "for-each-set-user-2",
            "name": "for-each-set-user-2",
            "path": "/",
            "permissions_boundary": null,
            "tags": {},
            "tags_all": {},
            "unique_id": "AIDAUYIRXEHS67F5BE7XU"
          },
          "sensitive_attributes": [],
          "private": "bnVsbA=="
        },
        {
          "index_key": "for-each-set-user-3",
          "schema_version": 0,
          "attributes": {
            "arn": "arn:aws:iam::326991552997:user/for-each-set-user-3",
            "force_destroy": false,
            "id": "for-each-set-user-3",
            "name": "for-each-set-user-3",
            "path": "/",
            "permissions_boundary": null,
            "tags": {},
            "tags_all": {},
            "unique_id": "AIDAUYIRXEHSYYPEBNEK4"
          },
          "sensitive_attributes": [],
          "private": "bnVsbA=="
        }
      ]
    },
    {
      "mode": "managed",
      "type": "aws_iam_user",
      "name": "user_1",
      "provider": "provider[\"registry.terraform.io/hashicorp/aws\"]",
      "instances": [
        {
          "schema_version": 0,
          "attributes": {
            "arn": "arn:aws:iam::326991552997:user/user-1",
            "force_destroy": false,
            "id": "user-1",
            "name": "user-1",
            "path": "/",
            "permissions_boundary": null,
            "tags": {},
            "tags_all": {},
            "unique_id": "AIDAUYIRXEHSZR6UF3E6W"
          },
          "sensitive_attributes": [],
          "private": "bnVsbA=="
        }
      ]
    },
    {
      "mode": "managed",
      "type": "aws_iam_user",
      "name": "user_2",
      "provider": "provider[\"registry.terraform.io/hashicorp/aws\"]",
      "instances": [
        {
          "schema_version": 0,
          "attributes": {
            "arn": "arn:aws:iam::326991552997:user/user-2",
            "force_destroy": false,
            "id": "user-2",
            "name": "user-2",
            "path": "/",
            "permissions_boundary": null,
            "tags": {},
            "tags_all": {},
            "unique_id": "AIDAUYIRXEHSVOJKVPWIJ"
          },
          "sensitive_attributes": [],
          "private": "bnVsbA=="
        }
      ]
    },
    {
      "mode": "managed",
      "type": "aws_iam_user",
      "name": "user_3",
      "provider": "provider[\"registry.terraform.io/hashicorp/aws\"]",
      "instances": [
        {
          "schema_version": 0,
          "attributes": {
            "arn": "arn:aws:iam::326991552997:user/user-3",
            "force_destroy": false,
            "id": "user-3",
            "name": "user-3",
            "path": "/",
            "permissions_boundary": null,
            "tags": {},
            "tags_all": {},
            "unique_id": "AIDAUYIRXEHST5RQIDBL4"
          },
          "sensitive_attributes": [],
          "private": "bnVsbA=="
        }
      ]
    }
  ],
  "check_results": null
}
