{
  "version": 4,
  "terraform_version": "1.3.6",
  "serial": 207,
  "lineage": "22cdb753-0fcf-22b6-d6a4-94814151d39a",
  "outputs": {
    "subnet_groups": {
      "value": {
        "private": {
          "arns": [
            "arn:aws:ec2:ap-northeast-2:326991552997:subnet/subnet-01db393252d2d28e1",
            "arn:aws:ec2:ap-northeast-2:326991552997:subnet/subnet-0535489b479de9d31"
          ],
          "availability_zone_ids": [
            "apne2-az3",
            "apne2-az1"
          ],
          "availability_zones": [
            "ap-northeast-2c",
            "ap-northeast-2a"
          ],
          "cache_subnet_group_id": null,
          "cidr_blocks": [
            "20.0.10.0/24",
            "20.0.11.0/24"
          ],
          "dax_subnet_group_id": null,
          "db_subnet_group_arn": null,
          "db_subnet_group_id": null,
          "dms_replication_subnet_group_id": null,
          "docdb_subnet_group_arn": null,
          "docdb_subnet_group_id": null,
          "ids": [
            "subnet-01db393252d2d28e1",
            "subnet-0535489b479de9d31"
          ],
          "ipv6_cidr_blocks": [],
          "name": "terraform-example-private",
          "neptune_subnet_group_arn": null,
          "neptune_subnet_group_id": null,
          "redshift_subnet_group_arn": null,
          "redshift_subnet_group_id": null,
          "subnets": [
            {
              "arn": "arn:aws:ec2:ap-northeast-2:326991552997:subnet/subnet-01db393252d2d28e1",
              "assign_ipv6_address_on_creation": false,
              "availability_zone": "ap-northeast-2c",
              "availability_zone_id": "apne2-az3",
              "cidr_block": "20.0.10.0/24",
              "customer_owned_ipv4_pool": "",
              "enable_dns64": false,
              "enable_resource_name_dns_a_record_on_launch": false,
              "enable_resource_name_dns_aaaa_record_on_launch": false,
              "id": "subnet-01db393252d2d28e1",
              "ipv6_cidr_block": "",
              "ipv6_cidr_block_association_id": "",
              "ipv6_native": false,
              "map_customer_owned_ip_on_launch": false,
              "map_public_ip_on_launch": false,
              "outpost_arn": "",
              "owner_id": "326991552997",
              "private_dns_hostname_type_on_launch": "ip-name",
              "tags": {
                "Name": "terraform-example-private-001/az1",
                "module.terraform.io/full-name": "terraform-aws-network/subnet-group",
                "module.terraform.io/instance": "terraform-example-private",
                "module.terraform.io/name": "subnet-group",
                "module.terraform.io/package": "terraform-aws-network",
                "module.terraform.io/version": "0.24.0",
                "owner": "brian",
                "project": "terraform-study"
              },
              "tags_all": {
                "Name": "terraform-example-private-001/az1",
                "module.terraform.io/full-name": "terraform-aws-network/subnet-group",
                "module.terraform.io/instance": "terraform-example-private",
                "module.terraform.io/name": "subnet-group",
                "module.terraform.io/package": "terraform-aws-network",
                "module.terraform.io/version": "0.24.0",
                "owner": "brian",
                "project": "terraform-study"
              },
              "timeouts": null,
              "vpc_id": "vpc-02f1b185efabdb9d8"
            },
            {
              "arn": "arn:aws:ec2:ap-northeast-2:326991552997:subnet/subnet-0535489b479de9d31",
              "assign_ipv6_address_on_creation": false,
              "availability_zone": "ap-northeast-2a",
              "availability_zone_id": "apne2-az1",
              "cidr_block": "20.0.11.0/24",
              "customer_owned_ipv4_pool": "",
              "enable_dns64": false,
              "enable_resource_name_dns_a_record_on_launch": false,
              "enable_resource_name_dns_aaaa_record_on_launch": false,
              "id": "subnet-0535489b479de9d31",
              "ipv6_cidr_block": "",
              "ipv6_cidr_block_association_id": "",
              "ipv6_native": false,
              "map_customer_owned_ip_on_launch": false,
              "map_public_ip_on_launch": false,
              "outpost_arn": "",
              "owner_id": "326991552997",
              "private_dns_hostname_type_on_launch": "ip-name",
              "tags": {
                "Name": "terraform-example-private-002/az3",
                "module.terraform.io/full-name": "terraform-aws-network/subnet-group",
                "module.terraform.io/instance": "terraform-example-private",
                "module.terraform.io/name": "subnet-group",
                "module.terraform.io/package": "terraform-aws-network",
                "module.terraform.io/version": "0.24.0",
                "owner": "brian",
                "project": "terraform-study"
              },
              "tags_all": {
                "Name": "terraform-example-private-002/az3",
                "module.terraform.io/full-name": "terraform-aws-network/subnet-group",
                "module.terraform.io/instance": "terraform-example-private",
                "module.terraform.io/name": "subnet-group",
                "module.terraform.io/package": "terraform-aws-network",
                "module.terraform.io/version": "0.24.0",
                "owner": "brian",
                "project": "terraform-study"
              },
              "timeouts": null,
              "vpc_id": "vpc-02f1b185efabdb9d8"
            }
          ],
          "vpc_id": "vpc-02f1b185efabdb9d8"
        },
        "public": {
          "arns": [
            "arn:aws:ec2:ap-northeast-2:326991552997:subnet/subnet-00f22266d647933cb",
            "arn:aws:ec2:ap-northeast-2:326991552997:subnet/subnet-0a596233234af12ef"
          ],
          "availability_zone_ids": [
            "apne2-az1",
            "apne2-az3"
          ],
          "availability_zones": [
            "ap-northeast-2a",
            "ap-northeast-2c"
          ],
          "cache_subnet_group_id": null,
          "cidr_blocks": [
            "20.0.0.0/24",
            "20.0.1.0/24"
          ],
          "dax_subnet_group_id": null,
          "db_subnet_group_arn": null,
          "db_subnet_group_id": null,
          "dms_replication_subnet_group_id": null,
          "docdb_subnet_group_arn": null,
          "docdb_subnet_group_id": null,
          "ids": [
            "subnet-00f22266d647933cb",
            "subnet-0a596233234af12ef"
          ],
          "ipv6_cidr_blocks": [],
          "name": "terraform-example-public",
          "neptune_subnet_group_arn": null,
          "neptune_subnet_group_id": null,
          "redshift_subnet_group_arn": null,
          "redshift_subnet_group_id": null,
          "subnets": [
            {
              "arn": "arn:aws:ec2:ap-northeast-2:326991552997:subnet/subnet-00f22266d647933cb",
              "assign_ipv6_address_on_creation": false,
              "availability_zone": "ap-northeast-2a",
              "availability_zone_id": "apne2-az1",
              "cidr_block": "20.0.0.0/24",
              "customer_owned_ipv4_pool": "",
              "enable_dns64": false,
              "enable_resource_name_dns_a_record_on_launch": false,
              "enable_resource_name_dns_aaaa_record_on_launch": false,
              "id": "subnet-00f22266d647933cb",
              "ipv6_cidr_block": "",
              "ipv6_cidr_block_association_id": "",
              "ipv6_native": false,
              "map_customer_owned_ip_on_launch": false,
              "map_public_ip_on_launch": true,
              "outpost_arn": "",
              "owner_id": "326991552997",
              "private_dns_hostname_type_on_launch": "ip-name",
              "tags": {
                "Name": "terraform-example-public-001/az1",
                "module.terraform.io/full-name": "terraform-aws-network/subnet-group",
                "module.terraform.io/instance": "terraform-example-public",
                "module.terraform.io/name": "subnet-group",
                "module.terraform.io/package": "terraform-aws-network",
                "module.terraform.io/version": "0.24.0",
                "owner": "brian",
                "project": "terraform-study"
              },
              "tags_all": {
                "Name": "terraform-example-public-001/az1",
                "module.terraform.io/full-name": "terraform-aws-network/subnet-group",
                "module.terraform.io/instance": "terraform-example-public",
                "module.terraform.io/name": "subnet-group",
                "module.terraform.io/package": "terraform-aws-network",
                "module.terraform.io/version": "0.24.0",
                "owner": "brian",
                "project": "terraform-study"
              },
              "timeouts": null,
              "vpc_id": "vpc-02f1b185efabdb9d8"
            },
            {
              "arn": "arn:aws:ec2:ap-northeast-2:326991552997:subnet/subnet-0a596233234af12ef",
              "assign_ipv6_address_on_creation": false,
              "availability_zone": "ap-northeast-2c",
              "availability_zone_id": "apne2-az3",
              "cidr_block": "20.0.1.0/24",
              "customer_owned_ipv4_pool": "",
              "enable_dns64": false,
              "enable_resource_name_dns_a_record_on_launch": false,
              "enable_resource_name_dns_aaaa_record_on_launch": false,
              "id": "subnet-0a596233234af12ef",
              "ipv6_cidr_block": "",
              "ipv6_cidr_block_association_id": "",
              "ipv6_native": false,
              "map_customer_owned_ip_on_launch": false,
              "map_public_ip_on_launch": true,
              "outpost_arn": "",
              "owner_id": "326991552997",
              "private_dns_hostname_type_on_launch": "ip-name",
              "tags": {
                "Name": "terraform-example-public-002/az3",
                "module.terraform.io/full-name": "terraform-aws-network/subnet-group",
                "module.terraform.io/instance": "terraform-example-public",
                "module.terraform.io/name": "subnet-group",
                "module.terraform.io/package": "terraform-aws-network",
                "module.terraform.io/version": "0.24.0",
                "owner": "brian",
                "project": "terraform-study"
              },
              "tags_all": {
                "Name": "terraform-example-public-002/az3",
                "module.terraform.io/full-name": "terraform-aws-network/subnet-group",
                "module.terraform.io/instance": "terraform-example-public",
                "module.terraform.io/name": "subnet-group",
                "module.terraform.io/package": "terraform-aws-network",
                "module.terraform.io/version": "0.24.0",
                "owner": "brian",
                "project": "terraform-study"
              },
              "timeouts": null,
              "vpc_id": "vpc-02f1b185efabdb9d8"
            }
          ],
          "vpc_id": "vpc-02f1b185efabdb9d8"
        }
      },
      "type": [
        "object",
        {
          "private": [
            "object",
            {
              "arns": [
                "tuple",
                [
                  "string",
                  "string"
                ]
              ],
              "availability_zone_ids": [
                "list",
                "string"
              ],
              "availability_zones": [
                "list",
                "string"
              ],
              "cache_subnet_group_id": "dynamic",
              "cidr_blocks": [
                "tuple",
                [
                  "string",
                  "string"
                ]
              ],
              "dax_subnet_group_id": "dynamic",
              "db_subnet_group_arn": "dynamic",
              "db_subnet_group_id": "dynamic",
              "dms_replication_subnet_group_id": "dynamic",
              "docdb_subnet_group_arn": "dynamic",
              "docdb_subnet_group_id": "dynamic",
              "ids": [
                "tuple",
                [
                  "string",
                  "string"
                ]
              ],
              "ipv6_cidr_blocks": [
                "list",
                "string"
              ],
              "name": "string",
              "neptune_subnet_group_arn": "dynamic",
              "neptune_subnet_group_id": "dynamic",
              "redshift_subnet_group_arn": "dynamic",
              "redshift_subnet_group_id": "dynamic",
              "subnets": [
                "tuple",
                [
                  [
                    "object",
                    {
                      "arn": "string",
                      "assign_ipv6_address_on_creation": "bool",
                      "availability_zone": "string",
                      "availability_zone_id": "string",
                      "cidr_block": "string",
                      "customer_owned_ipv4_pool": "string",
                      "enable_dns64": "bool",
                      "enable_resource_name_dns_a_record_on_launch": "bool",
                      "enable_resource_name_dns_aaaa_record_on_launch": "bool",
                      "id": "string",
                      "ipv6_cidr_block": "string",
                      "ipv6_cidr_block_association_id": "string",
                      "ipv6_native": "bool",
                      "map_customer_owned_ip_on_launch": "bool",
                      "map_public_ip_on_launch": "bool",
                      "outpost_arn": "string",
                      "owner_id": "string",
                      "private_dns_hostname_type_on_launch": "string",
                      "tags": [
                        "map",
                        "string"
                      ],
                      "tags_all": [
                        "map",
                        "string"
                      ],
                      "timeouts": [
                        "object",
                        {
                          "create": "string",
                          "delete": "string"
                        }
                      ],
                      "vpc_id": "string"
                    }
                  ],
                  [
                    "object",
                    {
                      "arn": "string",
                      "assign_ipv6_address_on_creation": "bool",
                      "availability_zone": "string",
                      "availability_zone_id": "string",
                      "cidr_block": "string",
                      "customer_owned_ipv4_pool": "string",
                      "enable_dns64": "bool",
                      "enable_resource_name_dns_a_record_on_launch": "bool",
                      "enable_resource_name_dns_aaaa_record_on_launch": "bool",
                      "id": "string",
                      "ipv6_cidr_block": "string",
                      "ipv6_cidr_block_association_id": "string",
                      "ipv6_native": "bool",
                      "map_customer_owned_ip_on_launch": "bool",
                      "map_public_ip_on_launch": "bool",
                      "outpost_arn": "string",
                      "owner_id": "string",
                      "private_dns_hostname_type_on_launch": "string",
                      "tags": [
                        "map",
                        "string"
                      ],
                      "tags_all": [
                        "map",
                        "string"
                      ],
                      "timeouts": [
                        "object",
                        {
                          "create": "string",
                          "delete": "string"
                        }
                      ],
                      "vpc_id": "string"
                    }
                  ]
                ]
              ],
              "vpc_id": "string"
            }
          ],
          "public": [
            "object",
            {
              "arns": [
                "tuple",
                [
                  "string",
                  "string"
                ]
              ],
              "availability_zone_ids": [
                "list",
                "string"
              ],
              "availability_zones": [
                "list",
                "string"
              ],
              "cache_subnet_group_id": "dynamic",
              "cidr_blocks": [
                "tuple",
                [
                  "string",
                  "string"
                ]
              ],
              "dax_subnet_group_id": "dynamic",
              "db_subnet_group_arn": "dynamic",
              "db_subnet_group_id": "dynamic",
              "dms_replication_subnet_group_id": "dynamic",
              "docdb_subnet_group_arn": "dynamic",
              "docdb_subnet_group_id": "dynamic",
              "ids": [
                "tuple",
                [
                  "string",
                  "string"
                ]
              ],
              "ipv6_cidr_blocks": [
                "list",
                "string"
              ],
              "name": "string",
              "neptune_subnet_group_arn": "dynamic",
              "neptune_subnet_group_id": "dynamic",
              "redshift_subnet_group_arn": "dynamic",
              "redshift_subnet_group_id": "dynamic",
              "subnets": [
                "tuple",
                [
                  [
                    "object",
                    {
                      "arn": "string",
                      "assign_ipv6_address_on_creation": "bool",
                      "availability_zone": "string",
                      "availability_zone_id": "string",
                      "cidr_block": "string",
                      "customer_owned_ipv4_pool": "string",
                      "enable_dns64": "bool",
                      "enable_resource_name_dns_a_record_on_launch": "bool",
                      "enable_resource_name_dns_aaaa_record_on_launch": "bool",
                      "id": "string",
                      "ipv6_cidr_block": "string",
                      "ipv6_cidr_block_association_id": "string",
                      "ipv6_native": "bool",
                      "map_customer_owned_ip_on_launch": "bool",
                      "map_public_ip_on_launch": "bool",
                      "outpost_arn": "string",
                      "owner_id": "string",
                      "private_dns_hostname_type_on_launch": "string",
                      "tags": [
                        "map",
                        "string"
                      ],
                      "tags_all": [
                        "map",
                        "string"
                      ],
                      "timeouts": [
                        "object",
                        {
                          "create": "string",
                          "delete": "string"
                        }
                      ],
                      "vpc_id": "string"
                    }
                  ],
                  [
                    "object",
                    {
                      "arn": "string",
                      "assign_ipv6_address_on_creation": "bool",
                      "availability_zone": "string",
                      "availability_zone_id": "string",
                      "cidr_block": "string",
                      "customer_owned_ipv4_pool": "string",
                      "enable_dns64": "bool",
                      "enable_resource_name_dns_a_record_on_launch": "bool",
                      "enable_resource_name_dns_aaaa_record_on_launch": "bool",
                      "id": "string",
                      "ipv6_cidr_block": "string",
                      "ipv6_cidr_block_association_id": "string",
                      "ipv6_native": "bool",
                      "map_customer_owned_ip_on_launch": "bool",
                      "map_public_ip_on_launch": "bool",
                      "outpost_arn": "string",
                      "owner_id": "string",
                      "private_dns_hostname_type_on_launch": "string",
                      "tags": [
                        "map",
                        "string"
                      ],
                      "tags_all": [
                        "map",
                        "string"
                      ],
                      "timeouts": [
                        "object",
                        {
                          "create": "string",
                          "delete": "string"
                        }
                      ],
                      "vpc_id": "string"
                    }
                  ]
                ]
              ],
              "vpc_id": "string"
            }
          ]
        }
      ]
    },
    "vpc_cidr": {
      "value": "20.0.0.0/16",
      "type": "string"
    },
    "vpc_id": {
      "value": "vpc-02f1b185efabdb9d8",
      "type": "string"
    },
    "vpc_name": {
      "value": "terraform-example",
      "type": "string"
    }
  },
  "resources": [
    {
      "module": "module.route_table__private",
      "mode": "managed",
      "type": "aws_resourcegroups_group",
      "name": "this",
      "provider": "provider[\"registry.terraform.io/hashicorp/aws\"]",
      "instances": [
        {
          "index_key": 0,
          "schema_version": 0,
          "attributes": {
            "arn": "arn:aws:resource-groups:ap-northeast-2:326991552997:group/terraform-aws-network.route-table.terraform-example-private",
            "configuration": [],
            "description": "Managed by Terraform.",
            "id": "terraform-aws-network.route-table.terraform-example-private",
            "name": "terraform-aws-network.route-table.terraform-example-private",
            "resource_query": [
              {
                "query": "{\n  \"ResourceTypeFilters\": [\n    \"AWS::AllSupported\"\n  ],\n  \"TagFilters\": [{\"Key\":\"module.terraform.io/full-name\",\"Values\":[\"terraform-aws-network/route-table\"]},{\"Key\":\"module.terraform.io/instance\",\"Values\":[\"terraform-example-private\"]},{\"Key\":\"module.terraform.io/name\",\"Values\":[\"route-table\"]},{\"Key\":\"module.terraform.io/package\",\"Values\":[\"terraform-aws-network\"]},{\"Key\":\"module.terraform.io/version\",\"Values\":[\"0.24.0\"]}]\n}\n",
                "type": "TAG_FILTERS_1_0"
              }
            ],
            "tags": {
              "Name": "terraform-aws-network.route-table.terraform-example-private",
              "module.terraform.io/full-name": "terraform-aws-network/route-table",
              "module.terraform.io/instance": "terraform-example-private",
              "module.terraform.io/name": "route-table",
              "module.terraform.io/package": "terraform-aws-network",
              "module.terraform.io/version": "0.24.0",
              "owner": "brian",
              "project": "terraform-study"
            },
            "tags_all": {
              "Name": "terraform-aws-network.route-table.terraform-example-private",
              "module.terraform.io/full-name": "terraform-aws-network/route-table",
              "module.terraform.io/instance": "terraform-example-private",
              "module.terraform.io/name": "route-table",
              "module.terraform.io/package": "terraform-aws-network",
              "module.terraform.io/version": "0.24.0",
              "owner": "brian",
              "project": "terraform-study"
            },
            "timeouts": null
          },
          "sensitive_attributes": [],
          "private": "eyJlMmJmYjczMC1lY2FhLTExZTYtOGY4OC0zNDM2M2JjN2M0YzAiOnsiY3JlYXRlIjo5MDAwMDAwMDAwMDAsInVwZGF0ZSI6OTAwMDAwMDAwMDAwfX0="
        }
      ]
    },
    {
      "module": "module.route_table__private",
      "mode": "managed",
      "type": "aws_route_table",
      "name": "this",
      "provider": "provider[\"registry.terraform.io/hashicorp/aws\"]",
      "instances": [
        {
          "schema_version": 0,
          "attributes": {
            "arn": "arn:aws:ec2:ap-northeast-2:326991552997:route-table/rtb-0928e5d25c023ea64",
            "id": "rtb-0928e5d25c023ea64",
            "owner_id": "326991552997",
            "propagating_vgws": [],
            "route": [],
            "tags": {
              "Name": "terraform-example-private",
              "module.terraform.io/full-name": "terraform-aws-network/route-table",
              "module.terraform.io/instance": "terraform-example-private",
              "module.terraform.io/name": "route-table",
              "module.terraform.io/package": "terraform-aws-network",
              "module.terraform.io/version": "0.24.0",
              "owner": "brian",
              "project": "terraform-study"
            },
            "tags_all": {
              "Name": "terraform-example-private",
              "module.terraform.io/full-name": "terraform-aws-network/route-table",
              "module.terraform.io/instance": "terraform-example-private",
              "module.terraform.io/name": "route-table",
              "module.terraform.io/package": "terraform-aws-network",
              "module.terraform.io/version": "0.24.0",
              "owner": "brian",
              "project": "terraform-study"
            },
            "timeouts": null,
            "vpc_id": "vpc-02f1b185efabdb9d8"
          },
          "sensitive_attributes": [],
          "private": "eyJlMmJmYjczMC1lY2FhLTExZTYtOGY4OC0zNDM2M2JjN2M0YzAiOnsiY3JlYXRlIjozMDAwMDAwMDAwMDAsImRlbGV0ZSI6MzAwMDAwMDAwMDAwLCJ1cGRhdGUiOjEyMDAwMDAwMDAwMH19",
          "dependencies": [
            "module.vpc.aws_vpc.this"
          ]
        }
      ]
    },
    {
      "module": "module.route_table__private",
      "mode": "managed",
      "type": "aws_route_table_association",
      "name": "subnets",
      "provider": "provider[\"registry.terraform.io/hashicorp/aws\"]",
      "instances": [
        {
          "index_key": 0,
          "schema_version": 0,
          "attributes": {
            "gateway_id": "",
            "id": "rtbassoc-0090e1d9ef1a95037",
            "route_table_id": "rtb-0928e5d25c023ea64",
            "subnet_id": "subnet-01db393252d2d28e1"
          },
          "sensitive_attributes": [],
          "private": "bnVsbA==",
          "dependencies": [
            "module.route_table__private.aws_route_table.this",
            "module.subnet_group__private.aws_subnet.this",
            "module.vpc.aws_vpc.this"
          ]
        },
        {
          "index_key": 1,
          "schema_version": 0,
          "attributes": {
            "gateway_id": "",
            "id": "rtbassoc-095694a1b059dacd7",
            "route_table_id": "rtb-0928e5d25c023ea64",
            "subnet_id": "subnet-0535489b479de9d31"
          },
          "sensitive_attributes": [],
          "private": "bnVsbA==",
          "dependencies": [
            "module.route_table__private.aws_route_table.this",
            "module.subnet_group__private.aws_subnet.this",
            "module.vpc.aws_vpc.this"
          ]
        }
      ]
    },
    {
      "module": "module.route_table__public",
      "mode": "managed",
      "type": "aws_resourcegroups_group",
      "name": "this",
      "provider": "provider[\"registry.terraform.io/hashicorp/aws\"]",
      "instances": [
        {
          "index_key": 0,
          "schema_version": 0,
          "attributes": {
            "arn": "arn:aws:resource-groups:ap-northeast-2:326991552997:group/terraform-aws-network.route-table.terraform-example-public",
            "configuration": [],
            "description": "Managed by Terraform.",
            "id": "terraform-aws-network.route-table.terraform-example-public",
            "name": "terraform-aws-network.route-table.terraform-example-public",
            "resource_query": [
              {
                "query": "{\n  \"ResourceTypeFilters\": [\n    \"AWS::AllSupported\"\n  ],\n  \"TagFilters\": [{\"Key\":\"module.terraform.io/full-name\",\"Values\":[\"terraform-aws-network/route-table\"]},{\"Key\":\"module.terraform.io/instance\",\"Values\":[\"terraform-example-public\"]},{\"Key\":\"module.terraform.io/name\",\"Values\":[\"route-table\"]},{\"Key\":\"module.terraform.io/package\",\"Values\":[\"terraform-aws-network\"]},{\"Key\":\"module.terraform.io/version\",\"Values\":[\"0.24.0\"]}]\n}\n",
                "type": "TAG_FILTERS_1_0"
              }
            ],
            "tags": {
              "Name": "terraform-aws-network.route-table.terraform-example-public",
              "module.terraform.io/full-name": "terraform-aws-network/route-table",
              "module.terraform.io/instance": "terraform-example-public",
              "module.terraform.io/name": "route-table",
              "module.terraform.io/package": "terraform-aws-network",
              "module.terraform.io/version": "0.24.0",
              "owner": "brian",
              "project": "terraform-study"
            },
            "tags_all": {
              "Name": "terraform-aws-network.route-table.terraform-example-public",
              "module.terraform.io/full-name": "terraform-aws-network/route-table",
              "module.terraform.io/instance": "terraform-example-public",
              "module.terraform.io/name": "route-table",
              "module.terraform.io/package": "terraform-aws-network",
              "module.terraform.io/version": "0.24.0",
              "owner": "brian",
              "project": "terraform-study"
            },
            "timeouts": null
          },
          "sensitive_attributes": [],
          "private": "eyJlMmJmYjczMC1lY2FhLTExZTYtOGY4OC0zNDM2M2JjN2M0YzAiOnsiY3JlYXRlIjo5MDAwMDAwMDAwMDAsInVwZGF0ZSI6OTAwMDAwMDAwMDAwfX0="
        }
      ]
    },
    {
      "module": "module.route_table__public",
      "mode": "managed",
      "type": "aws_route",
      "name": "ipv4",
      "provider": "provider[\"registry.terraform.io/hashicorp/aws\"]",
      "instances": [
        {
          "index_key": "0.0.0.0/0",
          "schema_version": 0,
          "attributes": {
            "carrier_gateway_id": "",
            "core_network_arn": "",
            "destination_cidr_block": "0.0.0.0/0",
            "destination_ipv6_cidr_block": "",
            "destination_prefix_list_id": "",
            "egress_only_gateway_id": "",
            "gateway_id": "igw-089c98169a9afed74",
            "id": "r-rtb-0b840e3a5c98f355a1080289494",
            "instance_id": "",
            "instance_owner_id": "",
            "local_gateway_id": "",
            "nat_gateway_id": "",
            "network_interface_id": "",
            "origin": "CreateRoute",
            "route_table_id": "rtb-0b840e3a5c98f355a",
            "state": "active",
            "timeouts": null,
            "transit_gateway_id": "",
            "vpc_endpoint_id": "",
            "vpc_peering_connection_id": ""
          },
          "sensitive_attributes": [],
          "private": "eyJlMmJmYjczMC1lY2FhLTExZTYtOGY4OC0zNDM2M2JjN2M0YzAiOnsiY3JlYXRlIjozMDAwMDAwMDAwMDAsImRlbGV0ZSI6MzAwMDAwMDAwMDAwLCJ1cGRhdGUiOjEyMDAwMDAwMDAwMH19",
          "dependencies": [
            "module.route_table__public.aws_route_table.this",
            "module.vpc.aws_internet_gateway.this",
            "module.vpc.aws_vpc.this"
          ]
        }
      ]
    },
    {
      "module": "module.route_table__public",
      "mode": "managed",
      "type": "aws_route_table",
      "name": "this",
      "provider": "provider[\"registry.terraform.io/hashicorp/aws\"]",
      "instances": [
        {
          "schema_version": 0,
          "attributes": {
            "arn": "arn:aws:ec2:ap-northeast-2:326991552997:route-table/rtb-0b840e3a5c98f355a",
            "id": "rtb-0b840e3a5c98f355a",
            "owner_id": "326991552997",
            "propagating_vgws": [],
            "route": [
              {
                "carrier_gateway_id": "",
                "cidr_block": "0.0.0.0/0",
                "core_network_arn": "",
                "destination_prefix_list_id": "",
                "egress_only_gateway_id": "",
                "gateway_id": "igw-089c98169a9afed74",
                "instance_id": "",
                "ipv6_cidr_block": "",
                "local_gateway_id": "",
                "nat_gateway_id": "",
                "network_interface_id": "",
                "transit_gateway_id": "",
                "vpc_endpoint_id": "",
                "vpc_peering_connection_id": ""
              }
            ],
            "tags": {
              "Name": "terraform-example-public",
              "module.terraform.io/full-name": "terraform-aws-network/route-table",
              "module.terraform.io/instance": "terraform-example-public",
              "module.terraform.io/name": "route-table",
              "module.terraform.io/package": "terraform-aws-network",
              "module.terraform.io/version": "0.24.0",
              "owner": "brian",
              "project": "terraform-study"
            },
            "tags_all": {
              "Name": "terraform-example-public",
              "module.terraform.io/full-name": "terraform-aws-network/route-table",
              "module.terraform.io/instance": "terraform-example-public",
              "module.terraform.io/name": "route-table",
              "module.terraform.io/package": "terraform-aws-network",
              "module.terraform.io/version": "0.24.0",
              "owner": "brian",
              "project": "terraform-study"
            },
            "timeouts": null,
            "vpc_id": "vpc-02f1b185efabdb9d8"
          },
          "sensitive_attributes": [],
          "private": "eyJlMmJmYjczMC1lY2FhLTExZTYtOGY4OC0zNDM2M2JjN2M0YzAiOnsiY3JlYXRlIjozMDAwMDAwMDAwMDAsImRlbGV0ZSI6MzAwMDAwMDAwMDAwLCJ1cGRhdGUiOjEyMDAwMDAwMDAwMH19",
          "dependencies": [
            "module.vpc.aws_vpc.this"
          ]
        }
      ]
    },
    {
      "module": "module.route_table__public",
      "mode": "managed",
      "type": "aws_route_table_association",
      "name": "subnets",
      "provider": "provider[\"registry.terraform.io/hashicorp/aws\"]",
      "instances": [
        {
          "index_key": 0,
          "schema_version": 0,
          "attributes": {
            "gateway_id": "",
            "id": "rtbassoc-095dd9ccb55e58202",
            "route_table_id": "rtb-0b840e3a5c98f355a",
            "subnet_id": "subnet-00f22266d647933cb"
          },
          "sensitive_attributes": [],
          "private": "bnVsbA==",
          "dependencies": [
            "module.route_table__public.aws_route_table.this",
            "module.subnet_group__public.aws_subnet.this",
            "module.vpc.aws_vpc.this"
          ]
        },
        {
          "index_key": 1,
          "schema_version": 0,
          "attributes": {
            "gateway_id": "",
            "id": "rtbassoc-093308e67b070d117",
            "route_table_id": "rtb-0b840e3a5c98f355a",
            "subnet_id": "subnet-0a596233234af12ef"
          },
          "sensitive_attributes": [],
          "private": "bnVsbA==",
          "dependencies": [
            "module.route_table__public.aws_route_table.this",
            "module.subnet_group__public.aws_subnet.this",
            "module.vpc.aws_vpc.this"
          ]
        }
      ]
    },
    {
      "module": "module.subnet_group__private",
      "mode": "managed",
      "type": "aws_resourcegroups_group",
      "name": "this",
      "provider": "provider[\"registry.terraform.io/hashicorp/aws\"]",
      "instances": [
        {
          "index_key": 0,
          "schema_version": 0,
          "attributes": {
            "arn": "arn:aws:resource-groups:ap-northeast-2:326991552997:group/terraform-aws-network.subnet-group.terraform-example-private",
            "configuration": [],
            "description": "Managed by Terraform.",
            "id": "terraform-aws-network.subnet-group.terraform-example-private",
            "name": "terraform-aws-network.subnet-group.terraform-example-private",
            "resource_query": [
              {
                "query": "{\n  \"ResourceTypeFilters\": [\n    \"AWS::AllSupported\"\n  ],\n  \"TagFilters\": [{\"Key\":\"module.terraform.io/full-name\",\"Values\":[\"terraform-aws-network/subnet-group\"]},{\"Key\":\"module.terraform.io/instance\",\"Values\":[\"terraform-example-private\"]},{\"Key\":\"module.terraform.io/name\",\"Values\":[\"subnet-group\"]},{\"Key\":\"module.terraform.io/package\",\"Values\":[\"terraform-aws-network\"]},{\"Key\":\"module.terraform.io/version\",\"Values\":[\"0.24.0\"]}]\n}\n",
                "type": "TAG_FILTERS_1_0"
              }
            ],
            "tags": {
              "Name": "terraform-aws-network.subnet-group.terraform-example-private",
              "module.terraform.io/full-name": "terraform-aws-network/subnet-group",
              "module.terraform.io/instance": "terraform-example-private",
              "module.terraform.io/name": "subnet-group",
              "module.terraform.io/package": "terraform-aws-network",
              "module.terraform.io/version": "0.24.0",
              "owner": "brian",
              "project": "terraform-study"
            },
            "tags_all": {
              "Name": "terraform-aws-network.subnet-group.terraform-example-private",
              "module.terraform.io/full-name": "terraform-aws-network/subnet-group",
              "module.terraform.io/instance": "terraform-example-private",
              "module.terraform.io/name": "subnet-group",
              "module.terraform.io/package": "terraform-aws-network",
              "module.terraform.io/version": "0.24.0",
              "owner": "brian",
              "project": "terraform-study"
            },
            "timeouts": null
          },
          "sensitive_attributes": [],
          "private": "eyJlMmJmYjczMC1lY2FhLTExZTYtOGY4OC0zNDM2M2JjN2M0YzAiOnsiY3JlYXRlIjo5MDAwMDAwMDAwMDAsInVwZGF0ZSI6OTAwMDAwMDAwMDAwfX0="
        }
      ]
    },
    {
      "module": "module.subnet_group__private",
      "mode": "managed",
      "type": "aws_subnet",
      "name": "this",
      "provider": "provider[\"registry.terraform.io/hashicorp/aws\"]",
      "instances": [
        {
          "index_key": "terraform-example-private-001/az1",
          "schema_version": 1,
          "attributes": {
            "arn": "arn:aws:ec2:ap-northeast-2:326991552997:subnet/subnet-01db393252d2d28e1",
            "assign_ipv6_address_on_creation": false,
            "availability_zone": "ap-northeast-2c",
            "availability_zone_id": "apne2-az3",
            "cidr_block": "20.0.10.0/24",
            "customer_owned_ipv4_pool": "",
            "enable_dns64": false,
            "enable_resource_name_dns_a_record_on_launch": false,
            "enable_resource_name_dns_aaaa_record_on_launch": false,
            "id": "subnet-01db393252d2d28e1",
            "ipv6_cidr_block": "",
            "ipv6_cidr_block_association_id": "",
            "ipv6_native": false,
            "map_customer_owned_ip_on_launch": false,
            "map_public_ip_on_launch": false,
            "outpost_arn": "",
            "owner_id": "326991552997",
            "private_dns_hostname_type_on_launch": "ip-name",
            "tags": {
              "Name": "terraform-example-private-001/az1",
              "module.terraform.io/full-name": "terraform-aws-network/subnet-group",
              "module.terraform.io/instance": "terraform-example-private",
              "module.terraform.io/name": "subnet-group",
              "module.terraform.io/package": "terraform-aws-network",
              "module.terraform.io/version": "0.24.0",
              "owner": "brian",
              "project": "terraform-study"
            },
            "tags_all": {
              "Name": "terraform-example-private-001/az1",
              "module.terraform.io/full-name": "terraform-aws-network/subnet-group",
              "module.terraform.io/instance": "terraform-example-private",
              "module.terraform.io/name": "subnet-group",
              "module.terraform.io/package": "terraform-aws-network",
              "module.terraform.io/version": "0.24.0",
              "owner": "brian",
              "project": "terraform-study"
            },
            "timeouts": null,
            "vpc_id": "vpc-02f1b185efabdb9d8"
          },
          "sensitive_attributes": [],
          "private": "eyJlMmJmYjczMC1lY2FhLTExZTYtOGY4OC0zNDM2M2JjN2M0YzAiOnsiY3JlYXRlIjo2MDAwMDAwMDAwMDAsImRlbGV0ZSI6MTIwMDAwMDAwMDAwMH0sInNjaGVtYV92ZXJzaW9uIjoiMSJ9",
          "dependencies": [
            "module.vpc.aws_vpc.this"
          ]
        },
        {
          "index_key": "terraform-example-private-002/az3",
          "schema_version": 1,
          "attributes": {
            "arn": "arn:aws:ec2:ap-northeast-2:326991552997:subnet/subnet-0535489b479de9d31",
            "assign_ipv6_address_on_creation": false,
            "availability_zone": "ap-northeast-2a",
            "availability_zone_id": "apne2-az1",
            "cidr_block": "20.0.11.0/24",
            "customer_owned_ipv4_pool": "",
            "enable_dns64": false,
            "enable_resource_name_dns_a_record_on_launch": false,
            "enable_resource_name_dns_aaaa_record_on_launch": false,
            "id": "subnet-0535489b479de9d31",
            "ipv6_cidr_block": "",
            "ipv6_cidr_block_association_id": "",
            "ipv6_native": false,
            "map_customer_owned_ip_on_launch": false,
            "map_public_ip_on_launch": false,
            "outpost_arn": "",
            "owner_id": "326991552997",
            "private_dns_hostname_type_on_launch": "ip-name",
            "tags": {
              "Name": "terraform-example-private-002/az3",
              "module.terraform.io/full-name": "terraform-aws-network/subnet-group",
              "module.terraform.io/instance": "terraform-example-private",
              "module.terraform.io/name": "subnet-group",
              "module.terraform.io/package": "terraform-aws-network",
              "module.terraform.io/version": "0.24.0",
              "owner": "brian",
              "project": "terraform-study"
            },
            "tags_all": {
              "Name": "terraform-example-private-002/az3",
              "module.terraform.io/full-name": "terraform-aws-network/subnet-group",
              "module.terraform.io/instance": "terraform-example-private",
              "module.terraform.io/name": "subnet-group",
              "module.terraform.io/package": "terraform-aws-network",
              "module.terraform.io/version": "0.24.0",
              "owner": "brian",
              "project": "terraform-study"
            },
            "timeouts": null,
            "vpc_id": "vpc-02f1b185efabdb9d8"
          },
          "sensitive_attributes": [],
          "private": "eyJlMmJmYjczMC1lY2FhLTExZTYtOGY4OC0zNDM2M2JjN2M0YzAiOnsiY3JlYXRlIjo2MDAwMDAwMDAwMDAsImRlbGV0ZSI6MTIwMDAwMDAwMDAwMH0sInNjaGVtYV92ZXJzaW9uIjoiMSJ9",
          "dependencies": [
            "module.vpc.aws_vpc.this"
          ]
        }
      ]
    },
    {
      "module": "module.subnet_group__public",
      "mode": "managed",
      "type": "aws_resourcegroups_group",
      "name": "this",
      "provider": "provider[\"registry.terraform.io/hashicorp/aws\"]",
      "instances": [
        {
          "index_key": 0,
          "schema_version": 0,
          "attributes": {
            "arn": "arn:aws:resource-groups:ap-northeast-2:326991552997:group/terraform-aws-network.subnet-group.terraform-example-public",
            "configuration": [],
            "description": "Managed by Terraform.",
            "id": "terraform-aws-network.subnet-group.terraform-example-public",
            "name": "terraform-aws-network.subnet-group.terraform-example-public",
            "resource_query": [
              {
                "query": "{\n  \"ResourceTypeFilters\": [\n    \"AWS::AllSupported\"\n  ],\n  \"TagFilters\": [{\"Key\":\"module.terraform.io/full-name\",\"Values\":[\"terraform-aws-network/subnet-group\"]},{\"Key\":\"module.terraform.io/instance\",\"Values\":[\"terraform-example-public\"]},{\"Key\":\"module.terraform.io/name\",\"Values\":[\"subnet-group\"]},{\"Key\":\"module.terraform.io/package\",\"Values\":[\"terraform-aws-network\"]},{\"Key\":\"module.terraform.io/version\",\"Values\":[\"0.24.0\"]}]\n}\n",
                "type": "TAG_FILTERS_1_0"
              }
            ],
            "tags": {
              "Name": "terraform-aws-network.subnet-group.terraform-example-public",
              "module.terraform.io/full-name": "terraform-aws-network/subnet-group",
              "module.terraform.io/instance": "terraform-example-public",
              "module.terraform.io/name": "subnet-group",
              "module.terraform.io/package": "terraform-aws-network",
              "module.terraform.io/version": "0.24.0",
              "owner": "brian",
              "project": "terraform-study"
            },
            "tags_all": {
              "Name": "terraform-aws-network.subnet-group.terraform-example-public",
              "module.terraform.io/full-name": "terraform-aws-network/subnet-group",
              "module.terraform.io/instance": "terraform-example-public",
              "module.terraform.io/name": "subnet-group",
              "module.terraform.io/package": "terraform-aws-network",
              "module.terraform.io/version": "0.24.0",
              "owner": "brian",
              "project": "terraform-study"
            },
            "timeouts": null
          },
          "sensitive_attributes": [],
          "private": "eyJlMmJmYjczMC1lY2FhLTExZTYtOGY4OC0zNDM2M2JjN2M0YzAiOnsiY3JlYXRlIjo5MDAwMDAwMDAwMDAsInVwZGF0ZSI6OTAwMDAwMDAwMDAwfX0="
        }
      ]
    },
    {
      "module": "module.subnet_group__public",
      "mode": "managed",
      "type": "aws_subnet",
      "name": "this",
      "provider": "provider[\"registry.terraform.io/hashicorp/aws\"]",
      "instances": [
        {
          "index_key": "terraform-example-public-001/az1",
          "schema_version": 1,
          "attributes": {
            "arn": "arn:aws:ec2:ap-northeast-2:326991552997:subnet/subnet-00f22266d647933cb",
            "assign_ipv6_address_on_creation": false,
            "availability_zone": "ap-northeast-2a",
            "availability_zone_id": "apne2-az1",
            "cidr_block": "20.0.0.0/24",
            "customer_owned_ipv4_pool": "",
            "enable_dns64": false,
            "enable_resource_name_dns_a_record_on_launch": false,
            "enable_resource_name_dns_aaaa_record_on_launch": false,
            "id": "subnet-00f22266d647933cb",
            "ipv6_cidr_block": "",
            "ipv6_cidr_block_association_id": "",
            "ipv6_native": false,
            "map_customer_owned_ip_on_launch": false,
            "map_public_ip_on_launch": true,
            "outpost_arn": "",
            "owner_id": "326991552997",
            "private_dns_hostname_type_on_launch": "ip-name",
            "tags": {
              "Name": "terraform-example-public-001/az1",
              "module.terraform.io/full-name": "terraform-aws-network/subnet-group",
              "module.terraform.io/instance": "terraform-example-public",
              "module.terraform.io/name": "subnet-group",
              "module.terraform.io/package": "terraform-aws-network",
              "module.terraform.io/version": "0.24.0",
              "owner": "brian",
              "project": "terraform-study"
            },
            "tags_all": {
              "Name": "terraform-example-public-001/az1",
              "module.terraform.io/full-name": "terraform-aws-network/subnet-group",
              "module.terraform.io/instance": "terraform-example-public",
              "module.terraform.io/name": "subnet-group",
              "module.terraform.io/package": "terraform-aws-network",
              "module.terraform.io/version": "0.24.0",
              "owner": "brian",
              "project": "terraform-study"
            },
            "timeouts": null,
            "vpc_id": "vpc-02f1b185efabdb9d8"
          },
          "sensitive_attributes": [],
          "private": "eyJlMmJmYjczMC1lY2FhLTExZTYtOGY4OC0zNDM2M2JjN2M0YzAiOnsiY3JlYXRlIjo2MDAwMDAwMDAwMDAsImRlbGV0ZSI6MTIwMDAwMDAwMDAwMH0sInNjaGVtYV92ZXJzaW9uIjoiMSJ9",
          "dependencies": [
            "module.vpc.aws_vpc.this"
          ]
        },
        {
          "index_key": "terraform-example-public-002/az3",
          "schema_version": 1,
          "attributes": {
            "arn": "arn:aws:ec2:ap-northeast-2:326991552997:subnet/subnet-0a596233234af12ef",
            "assign_ipv6_address_on_creation": false,
            "availability_zone": "ap-northeast-2c",
            "availability_zone_id": "apne2-az3",
            "cidr_block": "20.0.1.0/24",
            "customer_owned_ipv4_pool": "",
            "enable_dns64": false,
            "enable_resource_name_dns_a_record_on_launch": false,
            "enable_resource_name_dns_aaaa_record_on_launch": false,
            "id": "subnet-0a596233234af12ef",
            "ipv6_cidr_block": "",
            "ipv6_cidr_block_association_id": "",
            "ipv6_native": false,
            "map_customer_owned_ip_on_launch": false,
            "map_public_ip_on_launch": true,
            "outpost_arn": "",
            "owner_id": "326991552997",
            "private_dns_hostname_type_on_launch": "ip-name",
            "tags": {
              "Name": "terraform-example-public-002/az3",
              "module.terraform.io/full-name": "terraform-aws-network/subnet-group",
              "module.terraform.io/instance": "terraform-example-public",
              "module.terraform.io/name": "subnet-group",
              "module.terraform.io/package": "terraform-aws-network",
              "module.terraform.io/version": "0.24.0",
              "owner": "brian",
              "project": "terraform-study"
            },
            "tags_all": {
              "Name": "terraform-example-public-002/az3",
              "module.terraform.io/full-name": "terraform-aws-network/subnet-group",
              "module.terraform.io/instance": "terraform-example-public",
              "module.terraform.io/name": "subnet-group",
              "module.terraform.io/package": "terraform-aws-network",
              "module.terraform.io/version": "0.24.0",
              "owner": "brian",
              "project": "terraform-study"
            },
            "timeouts": null,
            "vpc_id": "vpc-02f1b185efabdb9d8"
          },
          "sensitive_attributes": [],
          "private": "eyJlMmJmYjczMC1lY2FhLTExZTYtOGY4OC0zNDM2M2JjN2M0YzAiOnsiY3JlYXRlIjo2MDAwMDAwMDAwMDAsImRlbGV0ZSI6MTIwMDAwMDAwMDAwMH0sInNjaGVtYV92ZXJzaW9uIjoiMSJ9",
          "dependencies": [
            "module.vpc.aws_vpc.this"
          ]
        }
      ]
    },
    {
      "module": "module.vpc",
      "mode": "data",
      "type": "aws_region",
      "name": "current",
      "provider": "provider[\"registry.terraform.io/hashicorp/aws\"]",
      "instances": [
        {
          "schema_version": 0,
          "attributes": {
            "description": "Asia Pacific (Seoul)",
            "endpoint": "ec2.ap-northeast-2.amazonaws.com",
            "id": "ap-northeast-2",
            "name": "ap-northeast-2"
          },
          "sensitive_attributes": []
        }
      ]
    },
    {
      "module": "module.vpc",
      "mode": "managed",
      "type": "aws_internet_gateway",
      "name": "this",
      "provider": "provider[\"registry.terraform.io/hashicorp/aws\"]",
      "instances": [
        {
          "index_key": 0,
          "schema_version": 0,
          "attributes": {
            "arn": "arn:aws:ec2:ap-northeast-2:326991552997:internet-gateway/igw-089c98169a9afed74",
            "id": "igw-089c98169a9afed74",
            "owner_id": "326991552997",
            "tags": {
              "Name": "terraform-example",
              "module.terraform.io/full-name": "terraform-aws-network/vpc",
              "module.terraform.io/instance": "terraform-example",
              "module.terraform.io/name": "vpc",
              "module.terraform.io/package": "terraform-aws-network",
              "module.terraform.io/version": "0.24.0",
              "owner": "brian",
              "project": "terraform-study"
            },
            "tags_all": {
              "Name": "terraform-example",
              "module.terraform.io/full-name": "terraform-aws-network/vpc",
              "module.terraform.io/instance": "terraform-example",
              "module.terraform.io/name": "vpc",
              "module.terraform.io/package": "terraform-aws-network",
              "module.terraform.io/version": "0.24.0",
              "owner": "brian",
              "project": "terraform-study"
            },
            "timeouts": null,
            "vpc_id": "vpc-02f1b185efabdb9d8"
          },
          "sensitive_attributes": [],
          "private": "eyJlMmJmYjczMC1lY2FhLTExZTYtOGY4OC0zNDM2M2JjN2M0YzAiOnsiY3JlYXRlIjoxMjAwMDAwMDAwMDAwLCJkZWxldGUiOjEyMDAwMDAwMDAwMDAsInVwZGF0ZSI6MTIwMDAwMDAwMDAwMH19",
          "dependencies": [
            "module.vpc.aws_vpc.this"
          ]
        }
      ]
    },
    {
      "module": "module.vpc",
      "mode": "managed",
      "type": "aws_resourcegroups_group",
      "name": "this",
      "provider": "provider[\"registry.terraform.io/hashicorp/aws\"]",
      "instances": [
        {
          "index_key": 0,
          "schema_version": 0,
          "attributes": {
            "arn": "arn:aws:resource-groups:ap-northeast-2:326991552997:group/terraform-aws-network.vpc.terraform-example",
            "configuration": [],
            "description": "Managed by Terraform.",
            "id": "terraform-aws-network.vpc.terraform-example",
            "name": "terraform-aws-network.vpc.terraform-example",
            "resource_query": [
              {
                "query": "{\n  \"ResourceTypeFilters\": [\n    \"AWS::AllSupported\"\n  ],\n  \"TagFilters\": [{\"Key\":\"module.terraform.io/full-name\",\"Values\":[\"terraform-aws-network/vpc\"]},{\"Key\":\"module.terraform.io/instance\",\"Values\":[\"terraform-example\"]},{\"Key\":\"module.terraform.io/name\",\"Values\":[\"vpc\"]},{\"Key\":\"module.terraform.io/package\",\"Values\":[\"terraform-aws-network\"]},{\"Key\":\"module.terraform.io/version\",\"Values\":[\"0.24.0\"]}]\n}\n",
                "type": "TAG_FILTERS_1_0"
              }
            ],
            "tags": {
              "Name": "terraform-aws-network.vpc.terraform-example",
              "module.terraform.io/full-name": "terraform-aws-network/vpc",
              "module.terraform.io/instance": "terraform-example",
              "module.terraform.io/name": "vpc",
              "module.terraform.io/package": "terraform-aws-network",
              "module.terraform.io/version": "0.24.0",
              "owner": "brian",
              "project": "terraform-study"
            },
            "tags_all": {
              "Name": "terraform-aws-network.vpc.terraform-example",
              "module.terraform.io/full-name": "terraform-aws-network/vpc",
              "module.terraform.io/instance": "terraform-example",
              "module.terraform.io/name": "vpc",
              "module.terraform.io/package": "terraform-aws-network",
              "module.terraform.io/version": "0.24.0",
              "owner": "brian",
              "project": "terraform-study"
            },
            "timeouts": null
          },
          "sensitive_attributes": [],
          "private": "eyJlMmJmYjczMC1lY2FhLTExZTYtOGY4OC0zNDM2M2JjN2M0YzAiOnsiY3JlYXRlIjo5MDAwMDAwMDAwMDAsInVwZGF0ZSI6OTAwMDAwMDAwMDAwfX0="
        }
      ]
    },
    {
      "module": "module.vpc",
      "mode": "managed",
      "type": "aws_vpc",
      "name": "this",
      "provider": "provider[\"registry.terraform.io/hashicorp/aws\"]",
      "instances": [
        {
          "schema_version": 1,
          "attributes": {
            "arn": "arn:aws:ec2:ap-northeast-2:326991552997:vpc/vpc-02f1b185efabdb9d8",
            "assign_generated_ipv6_cidr_block": false,
            "cidr_block": "20.0.0.0/16",
            "default_network_acl_id": "acl-02e9892d1a61fbb78",
            "default_route_table_id": "rtb-0268d178ce9321109",
            "default_security_group_id": "sg-0c12950ad7d1f7bd5",
            "dhcp_options_id": "dopt-0c741a9be5576e901",
            "enable_classiclink": false,
            "enable_classiclink_dns_support": false,
            "enable_dns_hostnames": true,
            "enable_dns_support": true,
            "enable_network_address_usage_metrics": false,
            "id": "vpc-02f1b185efabdb9d8",
            "instance_tenancy": "default",
            "ipv4_ipam_pool_id": null,
            "ipv4_netmask_length": null,
            "ipv6_association_id": "",
            "ipv6_cidr_block": "",
            "ipv6_cidr_block_network_border_group": "",
            "ipv6_ipam_pool_id": "",
            "ipv6_netmask_length": 0,
            "main_route_table_id": "rtb-0268d178ce9321109",
            "owner_id": "326991552997",
            "tags": {
              "Name": "terraform-example",
              "module.terraform.io/full-name": "terraform-aws-network/vpc",
              "module.terraform.io/instance": "terraform-example",
              "module.terraform.io/name": "vpc",
              "module.terraform.io/package": "terraform-aws-network",
              "module.terraform.io/version": "0.24.0",
              "owner": "brian",
              "project": "terraform-study"
            },
            "tags_all": {
              "Name": "terraform-example",
              "module.terraform.io/full-name": "terraform-aws-network/vpc",
              "module.terraform.io/instance": "terraform-example",
              "module.terraform.io/name": "vpc",
              "module.terraform.io/package": "terraform-aws-network",
              "module.terraform.io/version": "0.24.0",
              "owner": "brian",
              "project": "terraform-study"
            }
          },
          "sensitive_attributes": [],
          "private": "eyJzY2hlbWFfdmVyc2lvbiI6IjEifQ=="
        }
      ]
    }
  ],
  "check_results": null
}
