{
  "version": 4,
  "terraform_version": "1.3.6",
  "serial": 13,
  "lineage": "efe2b4a4-e473-03d2-c3d2-4ccdb385e185",
  "outputs": {
    "file_bar": {
      "value": {
        "content": "Hello DevOps!\n",
        "content_base64": "SGVsbG8gRGV2T3BzIQo=",
        "filename": "./bar.txt",
        "id": "7397c8d706f70c34e3c27f634b6e7e437997992b"
      },
      "type": [
        "object",
        {
          "content": "string",
          "content_base64": "string",
          "filename": "string",
          "id": "string"
        }
      ]
    },
    "vpc_foo": {
      "value": {
        "arn": "arn:aws:ec2:ap-northeast-2:326991552997:vpc/vpc-0adff75125d707d3e",
        "assign_generated_ipv6_cidr_block": false,
        "cidr_block": "20.0.0.0/16",
        "default_network_acl_id": "acl-04c5ed8d4c82ec91d",
        "default_route_table_id": "rtb-0f99def578646ea55",
        "default_security_group_id": "sg-02fb96e76ecd0ad00",
        "dhcp_options_id": "dopt-0c741a9be5576e901",
        "enable_classiclink": false,
        "enable_classiclink_dns_support": false,
        "enable_dns_hostnames": false,
        "enable_dns_support": true,
        "enable_network_address_usage_metrics": false,
        "id": "vpc-0adff75125d707d3e",
        "instance_tenancy": "default",
        "ipv4_ipam_pool_id": null,
        "ipv4_netmask_length": null,
        "ipv6_association_id": "",
        "ipv6_cidr_block": "",
        "ipv6_cidr_block_network_border_group": "",
        "ipv6_ipam_pool_id": "",
        "ipv6_netmask_length": 0,
        "main_route_table_id": "rtb-0f99def578646ea55",
        "owner_id": "326991552997",
        "tags": {
          "Name": "This is test vpc!!"
        },
        "tags_all": {
          "Name": "This is test vpc!!"
        }
      },
      "type": [
        "object",
        {
          "arn": "string",
          "assign_generated_ipv6_cidr_block": "bool",
          "cidr_block": "string",
          "default_network_acl_id": "string",
          "default_route_table_id": "string",
          "default_security_group_id": "string",
          "dhcp_options_id": "string",
          "enable_classiclink": "bool",
          "enable_classiclink_dns_support": "bool",
          "enable_dns_hostnames": "bool",
          "enable_dns_support": "bool",
          "enable_network_address_usage_metrics": "bool",
          "id": "string",
          "instance_tenancy": "string",
          "ipv4_ipam_pool_id": "string",
          "ipv4_netmask_length": "number",
          "ipv6_association_id": "string",
          "ipv6_cidr_block": "string",
          "ipv6_cidr_block_network_border_group": "string",
          "ipv6_ipam_pool_id": "string",
          "ipv6_netmask_length": "number",
          "main_route_table_id": "string",
          "owner_id": "string",
          "tags": [
            "map",
            "string"
          ],
          "tags_all": [
            "map",
            "string"
          ]
        }
      ]
    },
    "vpcs": {
      "value": {
        "filter": null,
        "id": "ap-northeast-2",
        "ids": [
          "vpc-0adff75125d707d3e",
          "vpc-07915ab698f72b5ee",
          "vpc-07bb227e81f5691b7",
          "vpc-09e05d137280bff67"
        ],
        "tags": null,
        "timeouts": null
      },
      "type": [
        "object",
        {
          "filter": [
            "set",
            [
              "object",
              {
                "name": "string",
                "values": [
                  "list",
                  "string"
                ]
              }
            ]
          ],
          "id": "string",
          "ids": [
            "list",
            "string"
          ],
          "tags": [
            "map",
            "string"
          ],
          "timeouts": [
            "object",
            {
              "read": "string"
            }
          ]
        }
      ]
    }
  },
  "resources": [
    {
      "mode": "data",
      "type": "aws_vpcs",
      "name": "this",
      "provider": "provider[\"registry.terraform.io/hashicorp/aws\"]",
      "instances": [
        {
          "schema_version": 0,
          "attributes": {
            "filter": null,
            "id": "ap-northeast-2",
            "ids": [
              "vpc-0adff75125d707d3e",
              "vpc-07915ab698f72b5ee",
              "vpc-07bb227e81f5691b7",
              "vpc-09e05d137280bff67"
            ],
            "tags": null,
            "timeouts": null
          },
          "sensitive_attributes": []
        }
      ]
    },
    {
      "mode": "data",
      "type": "local_file",
      "name": "bar",
      "provider": "provider[\"registry.terraform.io/hashicorp/local\"]",
      "instances": [
        {
          "schema_version": 0,
          "attributes": {
            "content": "Hello DevOps!\n",
            "content_base64": "SGVsbG8gRGV2T3BzIQo=",
            "filename": "./bar.txt",
            "id": "7397c8d706f70c34e3c27f634b6e7e437997992b"
          },
          "sensitive_attributes": []
        }
      ]
    },
    {
      "mode": "managed",
      "type": "aws_vpc",
      "name": "foo",
      "provider": "provider[\"registry.terraform.io/hashicorp/aws\"]",
      "instances": [
        {
          "schema_version": 1,
          "attributes": {
            "arn": "arn:aws:ec2:ap-northeast-2:326991552997:vpc/vpc-0adff75125d707d3e",
            "assign_generated_ipv6_cidr_block": false,
            "cidr_block": "20.0.0.0/16",
            "default_network_acl_id": "acl-04c5ed8d4c82ec91d",
            "default_route_table_id": "rtb-0f99def578646ea55",
            "default_security_group_id": "sg-02fb96e76ecd0ad00",
            "dhcp_options_id": "dopt-0c741a9be5576e901",
            "enable_classiclink": false,
            "enable_classiclink_dns_support": false,
            "enable_dns_hostnames": false,
            "enable_dns_support": true,
            "enable_network_address_usage_metrics": false,
            "id": "vpc-0adff75125d707d3e",
            "instance_tenancy": "default",
            "ipv4_ipam_pool_id": null,
            "ipv4_netmask_length": null,
            "ipv6_association_id": "",
            "ipv6_cidr_block": "",
            "ipv6_cidr_block_network_border_group": "",
            "ipv6_ipam_pool_id": "",
            "ipv6_netmask_length": 0,
            "main_route_table_id": "rtb-0f99def578646ea55",
            "owner_id": "326991552997",
            "tags": {
              "Name": "This is test vpc!!"
            },
            "tags_all": {
              "Name": "This is test vpc!!"
            }
          },
          "sensitive_attributes": [],
          "private": "eyJzY2hlbWFfdmVyc2lvbiI6IjEifQ=="
        }
      ]
    },
    {
      "mode": "managed",
      "type": "local_file",
      "name": "foo",
      "provider": "provider[\"registry.terraform.io/hashicorp/local\"]",
      "instances": [
        {
          "schema_version": 0,
          "attributes": {
            "content": "Hello World!",
            "content_base64": null,
            "directory_permission": "0777",
            "file_permission": "0777",
            "filename": "./foo.txt",
            "id": "2ef7bde608ce5404e97d5f042f95f89f1c232871",
            "sensitive_content": null,
            "source": null
          },
          "sensitive_attributes": [],
          "private": "bnVsbA=="
        }
      ]
    }
  ],
  "check_results": null
}
