{
  "version": 4,
  "terraform_version": "1.3.6",
  "serial": 37,
  "lineage": "a62e77f5-7ef9-ed60-2a56-e950cc8e69c0",
  "outputs": {
    "groups": {
      "value": [
        {
          "arn": "arn:aws:iam::326991552997:group/developer",
          "id": "developer",
          "name": "developer",
          "path": "/",
          "unique_id": "AGPAUYIRXEHSZ2J3J5FIJ"
        },
        {
          "arn": "arn:aws:iam::326991552997:group/employee",
          "id": "employee",
          "name": "employee",
          "path": "/",
          "unique_id": "AGPAUYIRXEHS56D4RLLMN"
        }
      ],
      "type": [
        "tuple",
        [
          [
            "object",
            {
              "arn": "string",
              "id": "string",
              "name": "string",
              "path": "string",
              "unique_id": "string"
            }
          ],
          [
            "object",
            {
              "arn": "string",
              "id": "string",
              "name": "string",
              "path": "string",
              "unique_id": "string"
            }
          ]
        ]
      ]
    }
  },
  "resources": [
    {
      "mode": "managed",
      "type": "aws_iam_group",
      "name": "develop",
      "provider": "provider[\"registry.terraform.io/hashicorp/aws\"]",
      "instances": [
        {
          "schema_version": 0,
          "attributes": {
            "arn": "arn:aws:iam::326991552997:group/developer",
            "id": "developer",
            "name": "developer",
            "path": "/",
            "unique_id": "AGPAUYIRXEHSZ2J3J5FIJ"
          },
          "sensitive_attributes": [],
          "private": "bnVsbA=="
        }
      ]
    },
    {
      "mode": "managed",
      "type": "aws_iam_group",
      "name": "employee",
      "provider": "provider[\"registry.terraform.io/hashicorp/aws\"]",
      "instances": [
        {
          "schema_version": 0,
          "attributes": {
            "arn": "arn:aws:iam::326991552997:group/employee",
            "id": "employee",
            "name": "employee",
            "path": "/",
            "unique_id": "AGPAUYIRXEHS56D4RLLMN"
          },
          "sensitive_attributes": [],
          "private": "bnVsbA=="
        }
      ]
    },
    {
      "mode": "managed",
      "type": "aws_iam_user",
      "name": "this",
      "provider": "provider[\"registry.terraform.io/hashicorp/aws\"]",
      "instances": [
        {
          "index_key": "alice",
          "schema_version": 0,
          "attributes": {
            "arn": "arn:aws:iam::326991552997:user/alice",
            "force_destroy": false,
            "id": "alice",
            "name": "alice",
            "path": "/",
            "permissions_boundary": null,
            "tags": {
              "level": "1",
              "role": "Intern"
            },
            "tags_all": {
              "level": "1",
              "role": "Intern"
            },
            "unique_id": "AIDAUYIRXEHS46YWDP7HX"
          },
          "sensitive_attributes": [],
          "private": "bnVsbA=="
        },
        {
          "index_key": "cindy",
          "schema_version": 0,
          "attributes": {
            "arn": "arn:aws:iam::326991552997:user/cindy",
            "force_destroy": false,
            "id": "cindy",
            "name": "cindy",
            "path": "/",
            "permissions_boundary": null,
            "tags": {
              "level": "9",
              "role": "Administrator"
            },
            "tags_all": {
              "level": "9",
              "role": "Administrator"
            },
            "unique_id": "AIDAUYIRXEHSYELSEO7FQ"
          },
          "sensitive_attributes": [],
          "private": "bnVsbA=="
        },
        {
          "index_key": "hoon",
          "schema_version": 0,
          "attributes": {
            "arn": "arn:aws:iam::326991552997:user/hoon",
            "force_destroy": false,
            "id": "hoon",
            "name": "hoon",
            "path": "/",
            "permissions_boundary": null,
            "tags": {
              "level": "3",
              "role": "Marketing"
            },
            "tags_all": {
              "level": "3",
              "role": "Marketing"
            },
            "unique_id": "AIDAUYIRXEHSUJ6VW6QSE"
          },
          "sensitive_attributes": [],
          "private": "bnVsbA=="
        },
        {
          "index_key": "tony",
          "schema_version": 0,
          "attributes": {
            "arn": "arn:aws:iam::326991552997:user/tony",
            "force_destroy": false,
            "id": "tony",
            "name": "tony",
            "path": "/",
            "permissions_boundary": null,
            "tags": {
              "level": "4",
              "role": "Devops"
            },
            "tags_all": {
              "level": "4",
              "role": "Devops"
            },
            "unique_id": "AIDAUYIRXEHSTTMLW7KAO"
          },
          "sensitive_attributes": [],
          "private": "bnVsbA=="
        }
      ]
    },
    {
      "mode": "managed",
      "type": "aws_iam_user_group_membership",
      "name": "this",
      "provider": "provider[\"registry.terraform.io/hashicorp/aws\"]",
      "instances": [
        {
          "index_key": "alice",
          "schema_version": 0,
          "attributes": {
            "groups": [
              "developer",
              "employee"
            ],
            "id": "terraform-20230109123912112500000004",
            "user": "alice"
          },
          "sensitive_attributes": [],
          "private": "bnVsbA==",
          "dependencies": [
            "aws_iam_group.develop",
            "aws_iam_group.employee"
          ]
        },
        {
          "index_key": "cindy",
          "schema_version": 0,
          "attributes": {
            "groups": [
              "employee"
            ],
            "id": "terraform-20230109123911757000000001",
            "user": "cindy"
          },
          "sensitive_attributes": [],
          "private": "bnVsbA==",
          "dependencies": [
            "aws_iam_group.develop",
            "aws_iam_group.employee"
          ]
        },
        {
          "index_key": "hoon",
          "schema_version": 0,
          "attributes": {
            "groups": [
              "developer",
              "employee"
            ],
            "id": "terraform-20230109123912034600000003",
            "user": "hoon"
          },
          "sensitive_attributes": [],
          "private": "bnVsbA==",
          "dependencies": [
            "aws_iam_group.develop",
            "aws_iam_group.employee"
          ]
        },
        {
          "index_key": "tony",
          "schema_version": 0,
          "attributes": {
            "groups": [
              "developer",
              "employee"
            ],
            "id": "terraform-20230109123912034500000002",
            "user": "tony"
          },
          "sensitive_attributes": [],
          "private": "bnVsbA==",
          "dependencies": [
            "aws_iam_group.develop",
            "aws_iam_group.employee"
          ]
        }
      ]
    },
    {
      "mode": "managed",
      "type": "aws_iam_user_policy_attachment",
      "name": "developer",
      "provider": "provider[\"registry.terraform.io/hashicorp/aws\"]",
      "instances": [
        {
          "index_key": "alice",
          "schema_version": 0,
          "attributes": {
            "id": "alice-20230109124550066400000001",
            "policy_arn": "arn:aws:iam::aws:policy/AdministratorAccess",
            "user": "alice"
          },
          "sensitive_attributes": [],
          "private": "bnVsbA==",
          "dependencies": [
            "aws_iam_user.this"
          ]
        },
        {
          "index_key": "hoon",
          "schema_version": 0,
          "attributes": {
            "id": "hoon-20230109124550167800000002",
            "policy_arn": "arn:aws:iam::aws:policy/AdministratorAccess",
            "user": "hoon"
          },
          "sensitive_attributes": [],
          "private": "bnVsbA==",
          "dependencies": [
            "aws_iam_user.this"
          ]
        },
        {
          "index_key": "tony",
          "schema_version": 0,
          "attributes": {
            "id": "tony-20230109124550264500000003",
            "policy_arn": "arn:aws:iam::aws:policy/AdministratorAccess",
            "user": "tony"
          },
          "sensitive_attributes": [],
          "private": "bnVsbA==",
          "dependencies": [
            "aws_iam_user.this"
          ]
        }
      ]
    }
  ],
  "check_results": null
}
