{
  "version": 4,
  "terraform_version": "1.3.6",
  "serial": 16,
  "lineage": "cc8f185e-1f92-e957-bb1e-aea0a945f8af",
  "outputs": {
    "groups": {
      "value": [
        {
          "arn": "arn:aws:iam::326991552997:group/developer",
          "id": "developer",
          "name": "developer",
          "path": "/",
          "unique_id": "AGPAUYIRXEHSUHOYALWSC"
        },
        {
          "arn": "arn:aws:iam::326991552997:group/employee",
          "id": "employee",
          "name": "employee",
          "path": "/",
          "unique_id": "AGPAUYIRXEHSQHZUKE2UI"
        }
      ],
      "type": [
        "tuple",
        [
          [
            "object",
            {
              "arn": "string",
              "id": "string",
              "name": "string",
              "path": "string",
              "unique_id": "string"
            }
          ],
          [
            "object",
            {
              "arn": "string",
              "id": "string",
              "name": "string",
              "path": "string",
              "unique_id": "string"
            }
          ]
        ]
      ]
    }
  },
  "resources": [
    {
      "mode": "managed",
      "type": "aws_iam_group",
      "name": "developer",
      "provider": "provider[\"registry.terraform.io/hashicorp/aws\"]",
      "instances": [
        {
          "schema_version": 0,
          "attributes": {
            "arn": "arn:aws:iam::326991552997:group/developer",
            "id": "developer",
            "name": "developer",
            "path": "/",
            "unique_id": "AGPAUYIRXEHSUHOYALWSC"
          },
          "sensitive_attributes": [],
          "private": "bnVsbA=="
        }
      ]
    },
    {
      "mode": "managed",
      "type": "aws_iam_group",
      "name": "employee",
      "provider": "provider[\"registry.terraform.io/hashicorp/aws\"]",
      "instances": [
        {
          "schema_version": 0,
          "attributes": {
            "arn": "arn:aws:iam::326991552997:group/employee",
            "id": "employee",
            "name": "employee",
            "path": "/",
            "unique_id": "AGPAUYIRXEHSQHZUKE2UI"
          },
          "sensitive_attributes": [],
          "private": "bnVsbA=="
        }
      ]
    },
    {
      "mode": "managed",
      "type": "aws_iam_user",
      "name": "this",
      "provider": "provider[\"registry.terraform.io/hashicorp/aws\"]",
      "instances": [
        {
          "index_key": "alice",
          "schema_version": 0,
          "attributes": {
            "arn": "arn:aws:iam::326991552997:user/alice",
            "force_destroy": false,
            "id": "alice",
            "name": "alice",
            "path": "/",
            "permissions_boundary": null,
            "tags": {
              "level": "1",
              "role": "intern developer"
            },
            "tags_all": {
              "level": "1",
              "role": "intern developer"
            },
            "unique_id": "AIDAUYIRXEHS7JDRDZJR6"
          },
          "sensitive_attributes": [],
          "private": "bnVsbA=="
        },
        {
          "index_key": "cindy",
          "schema_version": 0,
          "attributes": {
            "arn": "arn:aws:iam::326991552997:user/cindy",
            "force_destroy": false,
            "id": "cindy",
            "name": "cindy",
            "path": "/",
            "permissions_boundary": null,
            "tags": {
              "level": "9",
              "role": "administrator"
            },
            "tags_all": {
              "level": "9",
              "role": "administrator"
            },
            "unique_id": "AIDAUYIRXEHS362XLE3BK"
          },
          "sensitive_attributes": [],
          "private": "bnVsbA=="
        },
        {
          "index_key": "hoon",
          "schema_version": 0,
          "attributes": {
            "arn": "arn:aws:iam::326991552997:user/hoon",
            "force_destroy": false,
            "id": "hoon",
            "name": "hoon",
            "path": "/",
            "permissions_boundary": null,
            "tags": {
              "level": "3",
              "role": "marketing"
            },
            "tags_all": {
              "level": "3",
              "role": "marketing"
            },
            "unique_id": "AIDAUYIRXEHSREGXV32GP"
          },
          "sensitive_attributes": [],
          "private": "bnVsbA=="
        },
        {
          "index_key": "john",
          "schema_version": 0,
          "attributes": {
            "arn": "arn:aws:iam::326991552997:user/john",
            "force_destroy": false,
            "id": "john",
            "name": "john",
            "path": "/",
            "permissions_boundary": null,
            "tags": {
              "level": "7",
              "role": "finance"
            },
            "tags_all": {
              "level": "7",
              "role": "finance"
            },
            "unique_id": "AIDAUYIRXEHSQAXUXFYPQ"
          },
          "sensitive_attributes": [],
          "private": "bnVsbA=="
        },
        {
          "index_key": "tony",
          "schema_version": 0,
          "attributes": {
            "arn": "arn:aws:iam::326991552997:user/tony",
            "force_destroy": false,
            "id": "tony",
            "name": "tony",
            "path": "/",
            "permissions_boundary": null,
            "tags": {
              "level": "4",
              "role": "devops"
            },
            "tags_all": {
              "level": "4",
              "role": "devops"
            },
            "unique_id": "AIDAUYIRXEHS7I345SFY6"
          },
          "sensitive_attributes": [],
          "private": "bnVsbA=="
        }
      ]
    },
    {
      "mode": "managed",
      "type": "aws_iam_user_group_membership",
      "name": "this",
      "provider": "provider[\"registry.terraform.io/hashicorp/aws\"]",
      "instances": [
        {
          "index_key": "alice",
          "schema_version": 0,
          "attributes": {
            "groups": [
              "developer",
              "employee"
            ],
            "id": "terraform-20221229151311178100000004",
            "user": "alice"
          },
          "sensitive_attributes": [],
          "private": "bnVsbA==",
          "dependencies": [
            "aws_iam_group.developer",
            "aws_iam_group.employee"
          ]
        },
        {
          "index_key": "cindy",
          "schema_version": 0,
          "attributes": {
            "groups": [
              "employee"
            ],
            "id": "terraform-20221229151311033900000003",
            "user": "cindy"
          },
          "sensitive_attributes": [],
          "private": "bnVsbA==",
          "dependencies": [
            "aws_iam_group.developer",
            "aws_iam_group.employee"
          ]
        },
        {
          "index_key": "hoon",
          "schema_version": 0,
          "attributes": {
            "groups": [
              "employee"
            ],
            "id": "terraform-20221229151310946000000001",
            "user": "hoon"
          },
          "sensitive_attributes": [],
          "private": "bnVsbA==",
          "dependencies": [
            "aws_iam_group.developer",
            "aws_iam_group.employee"
          ]
        },
        {
          "index_key": "john",
          "schema_version": 0,
          "attributes": {
            "groups": [
              "employee"
            ],
            "id": "terraform-20221229151310986200000002",
            "user": "john"
          },
          "sensitive_attributes": [],
          "private": "bnVsbA==",
          "dependencies": [
            "aws_iam_group.developer",
            "aws_iam_group.employee"
          ]
        },
        {
          "index_key": "tony",
          "schema_version": 0,
          "attributes": {
            "groups": [
              "developer",
              "employee"
            ],
            "id": "terraform-20221229151311332500000005",
            "user": "tony"
          },
          "sensitive_attributes": [],
          "private": "bnVsbA==",
          "dependencies": [
            "aws_iam_group.developer",
            "aws_iam_group.employee"
          ]
        }
      ]
    },
    {
      "mode": "managed",
      "type": "aws_iam_user_policy_attachment",
      "name": "developer",
      "provider": "provider[\"registry.terraform.io/hashicorp/aws\"]",
      "instances": [
        {
          "index_key": "alice",
          "schema_version": 0,
          "attributes": {
            "id": "alice-20221229151934413900000002",
            "policy_arn": "arn:aws:iam::aws:policy/AdministratorAccess",
            "user": "alice"
          },
          "sensitive_attributes": [],
          "private": "bnVsbA==",
          "dependencies": [
            "aws_iam_user.this"
          ]
        },
        {
          "index_key": "tony",
          "schema_version": 0,
          "attributes": {
            "id": "tony-20221229151934297600000001",
            "policy_arn": "arn:aws:iam::aws:policy/AdministratorAccess",
            "user": "tony"
          },
          "sensitive_attributes": [],
          "private": "bnVsbA==",
          "dependencies": [
            "aws_iam_user.this"
          ]
        }
      ]
    }
  ],
  "check_results": null
}
