{
  "version": 4,
  "terraform_version": "1.3.6",
  "serial": 7,
  "lineage": "6901de3e-2586-cc72-555d-48fb080346f0",
  "outputs": {
    "message": {
      "value": "Hello John!",
      "type": "string"
    }
  },
  "resources": [
    {
      "mode": "managed",
      "type": "aws_internet_gateway",
      "name": "this",
      "provider": "provider[\"registry.terraform.io/hashicorp/aws\"]",
      "instances": [
        {
          "index_key": 0,
          "schema_version": 0,
          "attributes": {
            "arn": "arn:aws:ec2:ap-northeast-2:326991552997:internet-gateway/igw-06f660e357a289f80",
            "id": "igw-06f660e357a289f80",
            "owner_id": "326991552997",
            "tags": {
              "Name": "terraform-loop-example-igw"
            },
            "tags_all": {
              "Name": "terraform-loop-example-igw"
            },
            "timeouts": null,
            "vpc_id": "vpc-0e7336a9731fe6ae2"
          },
          "sensitive_attributes": [],
          "private": "eyJlMmJmYjczMC1lY2FhLTExZTYtOGY4OC0zNDM2M2JjN2M0YzAiOnsiY3JlYXRlIjoxMjAwMDAwMDAwMDAwLCJkZWxldGUiOjEyMDAwMDAwMDAwMDAsInVwZGF0ZSI6MTIwMDAwMDAwMDAwMH19",
          "dependencies": [
            "aws_vpc.this"
          ]
        }
      ]
    },
    {
      "mode": "managed",
      "type": "aws_vpc",
      "name": "this",
      "provider": "provider[\"registry.terraform.io/hashicorp/aws\"]",
      "instances": [
        {
          "schema_version": 1,
          "attributes": {
            "arn": "arn:aws:ec2:ap-northeast-2:326991552997:vpc/vpc-0e7336a9731fe6ae2",
            "assign_generated_ipv6_cidr_block": false,
            "cidr_block": "20.0.0.0/16",
            "default_network_acl_id": "acl-0ce3086cae5f4b15b",
            "default_route_table_id": "rtb-0b9b6639ecd2cbe2e",
            "default_security_group_id": "sg-0cfb52912250b02c1",
            "dhcp_options_id": "dopt-0c741a9be5576e901",
            "enable_classiclink": false,
            "enable_classiclink_dns_support": false,
            "enable_dns_hostnames": false,
            "enable_dns_support": true,
            "enable_network_address_usage_metrics": false,
            "id": "vpc-0e7336a9731fe6ae2",
            "instance_tenancy": "default",
            "ipv4_ipam_pool_id": null,
            "ipv4_netmask_length": null,
            "ipv6_association_id": "",
            "ipv6_cidr_block": "",
            "ipv6_cidr_block_network_border_group": "",
            "ipv6_ipam_pool_id": "",
            "ipv6_netmask_length": 0,
            "main_route_table_id": "rtb-0b9b6639ecd2cbe2e",
            "owner_id": "326991552997",
            "tags": {
              "Name": "terraform-loop-example"
            },
            "tags_all": {
              "Name": "terraform-loop-example"
            }
          },
          "sensitive_attributes": [],
          "private": "eyJzY2hlbWFfdmVyc2lvbiI6IjEifQ=="
        }
      ]
    }
  ],
  "check_results": null
}
